
Microsoft Visual Studio Solution File, Format Version 12.00
# Visual Studio Version 16
VisualStudioVersion = 16.0.31624.102
MinimumVisualStudioVersion = 10.0.40219.1
Project("{FAE04EC0-301F-11D3-BF4B-00C04F79EFBC}") = "Weekend", "Weekend\Weekend.csproj", "{CCCE03DE-7A15-4EB6-9BD1-60652CB7D952}"
EndProject
Global
	GlobalSection(SolutionConfigurationPlatforms) = preSolution
		Debug|Any CPU = Debug|Any CPU
		Release|Any CPU = Release|Any CPU
	EndGlobalSection
	GlobalSection(ProjectConfigurationPlatforms) = postSolution
		{CCCE03DE-7A15-4EB6-9BD1-60652CB7D952}.Debug|Any CPU.ActiveCfg = Debug|Any CPU
		{CCCE03DE-7A15-4EB6-9BD1-60652CB7D952}.Debug|Any CPU.Build.0 = Debug|Any CPU
		{CCCE03DE-7A15-4EB6-9BD1-60652CB7D952}.Release|Any CPU.ActiveCfg = Release|Any CPU
		{CCCE03DE-7A15-4EB6-9BD1-60652CB7D952}.Release|Any CPU.Build.0 = Release|Any CPU
	EndGlobalSection
	GlobalSection(SolutionProperties) = preSolution
		HideSolutionNode = FALSE
	EndGlobalSection
	GlobalSection(ExtensibilityGlobals) = postSolution
		SolutionGuid = {D94A8D78-953E-42AD-B4DD-896A70CF31AF}
	EndGlobalSection
EndGlobal
